
Microsoft Visual Studio Solution File, Format Version 12.00
# Visual Studio Version 16
VisualStudioVersion = 16.0.29728.190
MinimumVisualStudioVersion = 10.0.40219.1
Project("{FAE04EC0-301F-11D3-BF4B-00C04F79EFBC}") = "ClassesAndObjects.Lab", "ClassesAndObjects.Lab\ClassesAndObjects.Lab.csproj", "{0AD0D4D6-3571-47FA-AF9C-B69BA2F8F40A}"
EndProject
Project("{FAE04EC0-301F-11D3-BF4B-00C04F79EFBC}") = "Inheritance.Theory", "Inheritance.Theory\Inheritance.Theory.csproj", "{54E43BC9-FD3B-4BBD-A5EC-B75319F1D970}"
EndProject
Project("{FAE04EC0-301F-11D3-BF4B-00C04F79EFBC}") = "Inheritance.Lab", "Inheritance.Lab\Inheritance.Lab.csproj", "{78510458-C939-4195-A0D9-77D4DEC03AD9}"
EndProject
Project("{FAE04EC0-301F-11D3-BF4B-00C04F79EFBC}") = "ClassesAndObjects.Theory", "ClassesAndObjects.Theory\ClassesAndObjects.Theory.csproj", "{7F2BB780-FA48-46AC-B272-625BA4C2B901}"
EndProject
Project("{FAE04EC0-301F-11D3-BF4B-00C04F79EFBC}") = "Interface.Theory", "Interface.Theory\Interface.Theory.csproj", "{F953774B-3D1A-47E5-B502-1BAD14306A97}"
EndProject
Project("{FAE04EC0-301F-11D3-BF4B-00C04F79EFBC}") = "Polymorphism.Theory", "Polymorphism.Theory\Polymorphism.Theory.csproj", "{0412F33F-DE32-4646-A7F0-EE508DF26B26}"
EndProject
Project("{FAE04EC0-301F-11D3-BF4B-00C04F79EFBC}") = "Abstraction.Theory", "Abstraction.Theory\Abstraction.Theory.csproj", "{CD671E1F-5A0A-4590-876F-96E18A406E72}"
EndProject
Project("{FAE04EC0-301F-11D3-BF4B-00C04F79EFBC}") = "ClassDiagrams.Theory", "ClassDiagrams.Theory\ClassDiagrams.Theory.csproj", "{D1100D48-CA44-4FD3-87FB-93E384F10C3F}"
EndProject
Project("{FAE04EC0-301F-11D3-BF4B-00C04F79EFBC}") = "Abstraction.Lab", "Abstraction.Lab\Abstraction.Lab.csproj", "{4AA58D14-CE58-4B72-A45C-EBA1497197E8}"
EndProject
Project("{FAE04EC0-301F-11D3-BF4B-00C04F79EFBC}") = "Encapsulation.Lab", "Encapsulation.Lab\Encapsulation.Lab.csproj", "{291CC76B-4ADA-46B8-AAD5-459AAA0C43CD}"
EndProject
Project("{FAE04EC0-301F-11D3-BF4B-00C04F79EFBC}") = "HotelManagement", "HotelManagement\HotelManagement.csproj", "{2A21EE46-E52F-462F-91FB-142E3D40A2FA}"
EndProject
Project("{FAE04EC0-301F-11D3-BF4B-00C04F79EFBC}") = "HotelManagementTests", "HotelManagementTests\HotelManagementTests.csproj", "{F85FCD10-8854-419E-B7CF-0F97DC480135}"
EndProject
Project("{FAE04EC0-301F-11D3-BF4B-00C04F79EFBC}") = "DesignPattern.Singleton", "DesignPattern.Singleton\DesignPattern.Singleton.csproj", "{0F6E9EAA-23D1-432B-9D33-41CC5017A32B}"
EndProject
Project("{FAE04EC0-301F-11D3-BF4B-00C04F79EFBC}") = "DesignPattern.FactoryMethod", "DesignPattern.FactoryMethod\DesignPattern.FactoryMethod.csproj", "{5792D488-2F8D-4224-8EB6-C9FA7FF001EA}"
EndProject
Project("{FAE04EC0-301F-11D3-BF4B-00C04F79EFBC}") = "DesignPattern.Decorator", "DesignPattern.Decorator\DesignPattern.Decorator.csproj", "{DEBC175D-511C-4764-93B2-2F67DBAAEF70}"
EndProject
Global
	GlobalSection(SolutionConfigurationPlatforms) = preSolution
		Debug|Any CPU = Debug|Any CPU
		Release|Any CPU = Release|Any CPU
	EndGlobalSection
	GlobalSection(ProjectConfigurationPlatforms) = postSolution
		{0AD0D4D6-3571-47FA-AF9C-B69BA2F8F40A}.Debug|Any CPU.ActiveCfg = Debug|Any CPU
		{0AD0D4D6-3571-47FA-AF9C-B69BA2F8F40A}.Debug|Any CPU.Build.0 = Debug|Any CPU
		{0AD0D4D6-3571-47FA-AF9C-B69BA2F8F40A}.Release|Any CPU.ActiveCfg = Release|Any CPU
		{0AD0D4D6-3571-47FA-AF9C-B69BA2F8F40A}.Release|Any CPU.Build.0 = Release|Any CPU
		{54E43BC9-FD3B-4BBD-A5EC-B75319F1D970}.Debug|Any CPU.ActiveCfg = Debug|Any CPU
		{54E43BC9-FD3B-4BBD-A5EC-B75319F1D970}.Debug|Any CPU.Build.0 = Debug|Any CPU
		{54E43BC9-FD3B-4BBD-A5EC-B75319F1D970}.Release|Any CPU.ActiveCfg = Release|Any CPU
		{54E43BC9-FD3B-4BBD-A5EC-B75319F1D970}.Release|Any CPU.Build.0 = Release|Any CPU
		{78510458-C939-4195-A0D9-77D4DEC03AD9}.Debug|Any CPU.ActiveCfg = Debug|Any CPU
		{78510458-C939-4195-A0D9-77D4DEC03AD9}.Debug|Any CPU.Build.0 = Debug|Any CPU
		{78510458-C939-4195-A0D9-77D4DEC03AD9}.Release|Any CPU.ActiveCfg = Release|Any CPU
		{78510458-C939-4195-A0D9-77D4DEC03AD9}.Release|Any CPU.Build.0 = Release|Any CPU
		{7F2BB780-FA48-46AC-B272-625BA4C2B901}.Debug|Any CPU.ActiveCfg = Debug|Any CPU
		{7F2BB780-FA48-46AC-B272-625BA4C2B901}.Debug|Any CPU.Build.0 = Debug|Any CPU
		{7F2BB780-FA48-46AC-B272-625BA4C2B901}.Release|Any CPU.ActiveCfg = Release|Any CPU
		{7F2BB780-FA48-46AC-B272-625BA4C2B901}.Release|Any CPU.Build.0 = Release|Any CPU
		{F953774B-3D1A-47E5-B502-1BAD14306A97}.Debug|Any CPU.ActiveCfg = Debug|Any CPU
		{F953774B-3D1A-47E5-B502-1BAD14306A97}.Debug|Any CPU.Build.0 = Debug|Any CPU
		{F953774B-3D1A-47E5-B502-1BAD14306A97}.Release|Any CPU.ActiveCfg = Release|Any CPU
		{F953774B-3D1A-47E5-B502-1BAD14306A97}.Release|Any CPU.Build.0 = Release|Any CPU
		{0412F33F-DE32-4646-A7F0-EE508DF26B26}.Debug|Any CPU.ActiveCfg = Debug|Any CPU
		{0412F33F-DE32-4646-A7F0-EE508DF26B26}.Debug|Any CPU.Build.0 = Debug|Any CPU
		{0412F33F-DE32-4646-A7F0-EE508DF26B26}.Release|Any CPU.ActiveCfg = Release|Any CPU
		{0412F33F-DE32-4646-A7F0-EE508DF26B26}.Release|Any CPU.Build.0 = Release|Any CPU
		{CD671E1F-5A0A-4590-876F-96E18A406E72}.Debug|Any CPU.ActiveCfg = Debug|Any CPU
		{CD671E1F-5A0A-4590-876F-96E18A406E72}.Debug|Any CPU.Build.0 = Debug|Any CPU
		{CD671E1F-5A0A-4590-876F-96E18A406E72}.Release|Any CPU.ActiveCfg = Release|Any CPU
		{CD671E1F-5A0A-4590-876F-96E18A406E72}.Release|Any CPU.Build.0 = Release|Any CPU
		{D1100D48-CA44-4FD3-87FB-93E384F10C3F}.Debug|Any CPU.ActiveCfg = Debug|Any CPU
		{D1100D48-CA44-4FD3-87FB-93E384F10C3F}.Debug|Any CPU.Build.0 = Debug|Any CPU
		{D1100D48-CA44-4FD3-87FB-93E384F10C3F}.Release|Any CPU.ActiveCfg = Release|Any CPU
		{D1100D48-CA44-4FD3-87FB-93E384F10C3F}.Release|Any CPU.Build.0 = Release|Any CPU
		{4AA58D14-CE58-4B72-A45C-EBA1497197E8}.Debug|Any CPU.ActiveCfg = Debug|Any CPU
		{4AA58D14-CE58-4B72-A45C-EBA1497197E8}.Debug|Any CPU.Build.0 = Debug|Any CPU
		{4AA58D14-CE58-4B72-A45C-EBA1497197E8}.Release|Any CPU.ActiveCfg = Release|Any CPU
		{4AA58D14-CE58-4B72-A45C-EBA1497197E8}.Release|Any CPU.Build.0 = Release|Any CPU
		{291CC76B-4ADA-46B8-AAD5-459AAA0C43CD}.Debug|Any CPU.ActiveCfg = Debug|Any CPU
		{291CC76B-4ADA-46B8-AAD5-459AAA0C43CD}.Debug|Any CPU.Build.0 = Debug|Any CPU
		{291CC76B-4ADA-46B8-AAD5-459AAA0C43CD}.Release|Any CPU.ActiveCfg = Release|Any CPU
		{291CC76B-4ADA-46B8-AAD5-459AAA0C43CD}.Release|Any CPU.Build.0 = Release|Any CPU
		{2A21EE46-E52F-462F-91FB-142E3D40A2FA}.Debug|Any CPU.ActiveCfg = Debug|Any CPU
		{2A21EE46-E52F-462F-91FB-142E3D40A2FA}.Debug|Any CPU.Build.0 = Debug|Any CPU
		{2A21EE46-E52F-462F-91FB-142E3D40A2FA}.Release|Any CPU.ActiveCfg = Release|Any CPU
		{2A21EE46-E52F-462F-91FB-142E3D40A2FA}.Release|Any CPU.Build.0 = Release|Any CPU
		{F85FCD10-8854-419E-B7CF-0F97DC480135}.Debug|Any CPU.ActiveCfg = Debug|Any CPU
		{F85FCD10-8854-419E-B7CF-0F97DC480135}.Debug|Any CPU.Build.0 = Debug|Any CPU
		{F85FCD10-8854-419E-B7CF-0F97DC480135}.Release|Any CPU.ActiveCfg = Release|Any CPU
		{F85FCD10-8854-419E-B7CF-0F97DC480135}.Release|Any CPU.Build.0 = Release|Any CPU
		{0F6E9EAA-23D1-432B-9D33-41CC5017A32B}.Debug|Any CPU.ActiveCfg = Debug|Any CPU
		{0F6E9EAA-23D1-432B-9D33-41CC5017A32B}.Debug|Any CPU.Build.0 = Debug|Any CPU
		{0F6E9EAA-23D1-432B-9D33-41CC5017A32B}.Release|Any CPU.ActiveCfg = Release|Any CPU
		{0F6E9EAA-23D1-432B-9D33-41CC5017A32B}.Release|Any CPU.Build.0 = Release|Any CPU
		{5792D488-2F8D-4224-8EB6-C9FA7FF001EA}.Debug|Any CPU.ActiveCfg = Debug|Any CPU
		{5792D488-2F8D-4224-8EB6-C9FA7FF001EA}.Debug|Any CPU.Build.0 = Debug|Any CPU
		{5792D488-2F8D-4224-8EB6-C9FA7FF001EA}.Release|Any CPU.ActiveCfg = Release|Any CPU
		{5792D488-2F8D-4224-8EB6-C9FA7FF001EA}.Release|Any CPU.Build.0 = Release|Any CPU
		{DEBC175D-511C-4764-93B2-2F67DBAAEF70}.Debug|Any CPU.ActiveCfg = Debug|Any CPU
		{DEBC175D-511C-4764-93B2-2F67DBAAEF70}.Debug|Any CPU.Build.0 = Debug|Any CPU
		{DEBC175D-511C-4764-93B2-2F67DBAAEF70}.Release|Any CPU.ActiveCfg = Release|Any CPU
		{DEBC175D-511C-4764-93B2-2F67DBAAEF70}.Release|Any CPU.Build.0 = Release|Any CPU
	EndGlobalSection
	GlobalSection(SolutionProperties) = preSolution
		HideSolutionNode = FALSE
	EndGlobalSection
	GlobalSection(ExtensibilityGlobals) = postSolution
		SolutionGuid = {AA07E06C-E063-404F-B161-E6BA2D747216}
	EndGlobalSection
EndGlobal
