
Microsoft Visual Studio Solution File, Format Version 12.00
# Visual Studio Version 16
VisualStudioVersion = 16.0.29728.190
MinimumVisualStudioVersion = 10.0.40219.1
Project("{FAE04EC0-301F-11D3-BF4B-00C04F79EFBC}") = "ClassesAndObjects.Lab", "ClassesAndObjects.Lab\ClassesAndObjects.Lab.csproj", "{0AD0D4D6-3571-47FA-AF9C-B69BA2F8F40A}"
EndProject
Project("{FAE04EC0-301F-11D3-BF4B-00C04F79EFBC}") = "Inheritance.Theory", "Inheritance.Theory\Inheritance.Theory.csproj", "{54E43BC9-FD3B-4BBD-A5EC-B75319F1D970}"
EndProject
Project("{FAE04EC0-301F-11D3-BF4B-00C04F79EFBC}") = "Inheritance.Lab", "Inheritance.Lab\Inheritance.Lab.csproj", "{78510458-C939-4195-A0D9-77D4DEC03AD9}"
EndProject
Project("{FAE04EC0-301F-11D3-BF4B-00C04F79EFBC}") = "ClassesAndObjects.Theory", "ClassesAndObjects.Theory\ClassesAndObjects.Theory.csproj", "{7F2BB780-FA48-46AC-B272-625BA4C2B901}"
EndProject
Project("{FAE04EC0-301F-11D3-BF4B-00C04F79EFBC}") = "Interface.Theory", "Interface.Theory\Interface.Theory.csproj", "{F953774B-3D1A-47E5-B502-1BAD14306A97}"
EndProject
Project("{FAE04EC0-301F-11D3-BF4B-00C04F79EFBC}") = "Polymorphism.Theory", "Polymorphism.Theory\Polymorphism.Theory.csproj", "{0412F33F-DE32-4646-A7F0-EE508DF26B26}"
EndProject
Global
	GlobalSection(SolutionConfigurationPlatforms) = preSolution
		Debug|Any CPU = Debug|Any CPU
		Release|Any CPU = Release|Any CPU
	EndGlobalSection
	GlobalSection(ProjectConfigurationPlatforms) = postSolution
		{0AD0D4D6-3571-47FA-AF9C-B69BA2F8F40A}.Debug|Any CPU.ActiveCfg = Debug|Any CPU
		{0AD0D4D6-3571-47FA-AF9C-B69BA2F8F40A}.Debug|Any CPU.Build.0 = Debug|Any CPU
		{0AD0D4D6-3571-47FA-AF9C-B69BA2F8F40A}.Release|Any CPU.ActiveCfg = Release|Any CPU
		{0AD0D4D6-3571-47FA-AF9C-B69BA2F8F40A}.Release|Any CPU.Build.0 = Release|Any CPU
		{54E43BC9-FD3B-4BBD-A5EC-B75319F1D970}.Debug|Any CPU.ActiveCfg = Debug|Any CPU
		{54E43BC9-FD3B-4BBD-A5EC-B75319F1D970}.Debug|Any CPU.Build.0 = Debug|Any CPU
		{54E43BC9-FD3B-4BBD-A5EC-B75319F1D970}.Release|Any CPU.ActiveCfg = Release|Any CPU
		{54E43BC9-FD3B-4BBD-A5EC-B75319F1D970}.Release|Any CPU.Build.0 = Release|Any CPU
		{78510458-C939-4195-A0D9-77D4DEC03AD9}.Debug|Any CPU.ActiveCfg = Debug|Any CPU
		{78510458-C939-4195-A0D9-77D4DEC03AD9}.Debug|Any CPU.Build.0 = Debug|Any CPU
		{78510458-C939-4195-A0D9-77D4DEC03AD9}.Release|Any CPU.ActiveCfg = Release|Any CPU
		{78510458-C939-4195-A0D9-77D4DEC03AD9}.Release|Any CPU.Build.0 = Release|Any CPU
		{7F2BB780-FA48-46AC-B272-625BA4C2B901}.Debug|Any CPU.ActiveCfg = Debug|Any CPU
		{7F2BB780-FA48-46AC-B272-625BA4C2B901}.Debug|Any CPU.Build.0 = Debug|Any CPU
		{7F2BB780-FA48-46AC-B272-625BA4C2B901}.Release|Any CPU.ActiveCfg = Release|Any CPU
		{7F2BB780-FA48-46AC-B272-625BA4C2B901}.Release|Any CPU.Build.0 = Release|Any CPU
		{F953774B-3D1A-47E5-B502-1BAD14306A97}.Debug|Any CPU.ActiveCfg = Debug|Any CPU
		{F953774B-3D1A-47E5-B502-1BAD14306A97}.Debug|Any CPU.Build.0 = Debug|Any CPU
		{F953774B-3D1A-47E5-B502-1BAD14306A97}.Release|Any CPU.ActiveCfg = Release|Any CPU
		{F953774B-3D1A-47E5-B502-1BAD14306A97}.Release|Any CPU.Build.0 = Release|Any CPU
		{0412F33F-DE32-4646-A7F0-EE508DF26B26}.Debug|Any CPU.ActiveCfg = Debug|Any CPU
		{0412F33F-DE32-4646-A7F0-EE508DF26B26}.Debug|Any CPU.Build.0 = Debug|Any CPU
		{0412F33F-DE32-4646-A7F0-EE508DF26B26}.Release|Any CPU.ActiveCfg = Release|Any CPU
		{0412F33F-DE32-4646-A7F0-EE508DF26B26}.Release|Any CPU.Build.0 = Release|Any CPU
	EndGlobalSection
	GlobalSection(SolutionProperties) = preSolution
		HideSolutionNode = FALSE
	EndGlobalSection
	GlobalSection(ExtensibilityGlobals) = postSolution
		SolutionGuid = {AA07E06C-E063-404F-B161-E6BA2D747216}
	EndGlobalSection
EndGlobal
